
Microsoft Visual Studio Solution File, Format Version 12.00
# Visual Studio Version 17
VisualStudioVersion = 17.14.36717.8 d17.14
MinimumVisualStudioVersion = 10.0.40219.1
Project("{FAE04EC0-301F-11D3-BF4B-00C04F79EFBC}") = "Proje3", "Proje3.csproj", "{7A107D50-9EDF-F749-4BA2-BCD931D5E22E}"
EndProject
Global
	GlobalSection(SolutionConfigurationPlatforms) = preSolution
		Debug|Any CPU = Debug|Any CPU
		Release|Any CPU = Release|Any CPU
	EndGlobalSection
	GlobalSection(ProjectConfigurationPlatforms) = postSolution
		{7A107D50-9EDF-F749-4BA2-BCD931D5E22E}.Debug|Any CPU.ActiveCfg = Debug|Any CPU
		{7A107D50-9EDF-F749-4BA2-BCD931D5E22E}.Debug|Any CPU.Build.0 = Debug|Any CPU
		{7A107D50-9EDF-F749-4BA2-BCD931D5E22E}.Release|Any CPU.ActiveCfg = Release|Any CPU
		{7A107D50-9EDF-F749-4BA2-BCD931D5E22E}.Release|Any CPU.Build.0 = Release|Any CPU
	EndGlobalSection
	GlobalSection(SolutionProperties) = preSolution
		HideSolutionNode = FALSE
	EndGlobalSection
	GlobalSection(ExtensibilityGlobals) = postSolution
		SolutionGuid = {FC81B2B2-5DB4-49D4-9931-90ECFD4D1E17}
	EndGlobalSection
EndGlobal
